
Microsoft Visual Studio Solution File, Format Version 12.00
# Visual Studio Version 17
VisualStudioVersion = 17.3.32804.467
MinimumVisualStudioVersion = 10.0.40219.1
Project("{FAE04EC0-301F-11D3-BF4B-00C04F79EFBC}") = "Everything", "Everything\Everything.csproj", "{01A93C67-3248-4B9A-9788-3716C64E1E24}"
EndProject
Global
	GlobalSection(SolutionConfigurationPlatforms) = preSolution
		Debug|Any CPU = Debug|Any CPU
		Release|Any CPU = Release|Any CPU
	EndGlobalSection
	GlobalSection(ProjectConfigurationPlatforms) = postSolution
		{01A93C67-3248-4B9A-9788-3716C64E1E24}.Debug|Any CPU.ActiveCfg = Debug|Any CPU
		{01A93C67-3248-4B9A-9788-3716C64E1E24}.Debug|Any CPU.Build.0 = Debug|Any CPU
		{01A93C67-3248-4B9A-9788-3716C64E1E24}.Release|Any CPU.ActiveCfg = Release|Any CPU
		{01A93C67-3248-4B9A-9788-3716C64E1E24}.Release|Any CPU.Build.0 = Release|Any CPU
	EndGlobalSection
	GlobalSection(SolutionProperties) = preSolution
		HideSolutionNode = FALSE
	EndGlobalSection
	GlobalSection(ExtensibilityGlobals) = postSolution
		SolutionGuid = {F480E9D7-9318-4FD1-932C-96309EBFE7C6}
	EndGlobalSection
EndGlobal
